// !$*UTF8*$!
{
	archiveVersion = 1;
	classes = {
	};
	objectVersion = 56;
	objects = {

/* Begin PBXBuildFile section */
		1FBD8A6D2AEAC4DB0068E50C /* Airbnb_DemoApp.swift in Sources */ = {isa = PBXBuildFile; fileRef = 1FBD8A6C2AEAC4DB0068E50C /* Airbnb_DemoApp.swift */; };
		1FBD8A6F2AEAC4DB0068E50C /* ContentView.swift in Sources */ = {isa = PBXBuildFile; fileRef = 1FBD8A6E2AEAC4DB0068E50C /* ContentView.swift */; };
		1FBD8A712AEAC4DD0068E50C /* Assets.xcassets in Resources */ = {isa = PBXBuildFile; fileRef = 1FBD8A702AEAC4DD0068E50C /* Assets.xcassets */; };
		1FBD8A742AEAC4DD0068E50C /* Preview Assets.xcassets in Resources */ = {isa = PBXBuildFile; fileRef = 1FBD8A732AEAC4DD0068E50C /* Preview Assets.xcassets */; };
		1FBD8A7E2AEAC4DF0068E50C /* Airbnb_DemoTests.swift in Sources */ = {isa = PBXBuildFile; fileRef = 1FBD8A7D2AEAC4DF0068E50C /* Airbnb_DemoTests.swift */; };
		1FBD8A882AEAC4DF0068E50C /* Airbnb_DemoUITests.swift in Sources */ = {isa = PBXBuildFile; fileRef = 1FBD8A872AEAC4DF0068E50C /* Airbnb_DemoUITests.swift */; };
		1FBD8A8A2AEAC4E00068E50C /* Airbnb_DemoUITestsLaunchTests.swift in Sources */ = {isa = PBXBuildFile; fileRef = 1FBD8A892AEAC4E00068E50C /* Airbnb_DemoUITestsLaunchTests.swift */; };
		1FBD8AA32AEBB50B0068E50C /* ExploreView.swift in Sources */ = {isa = PBXBuildFile; fileRef = 1FBD8AA22AEBB50B0068E50C /* ExploreView.swift */; };
		1FBD8AA52AEBC9100068E50C /* ListingItemView.swift in Sources */ = {isa = PBXBuildFile; fileRef = 1FBD8AA42AEBC9100068E50C /* ListingItemView.swift */; };
		1FBD8AA72AEBE1920068E50C /* SearchAndFilterBar.swift in Sources */ = {isa = PBXBuildFile; fileRef = 1FBD8AA62AEBE1920068E50C /* SearchAndFilterBar.swift */; };
		1FBD8AA92AEBFD7B0068E50C /* ListingDetailView.swift in Sources */ = {isa = PBXBuildFile; fileRef = 1FBD8AA82AEBFD7B0068E50C /* ListingDetailView.swift */; };
		1FBD8AAC2AEBFDFE0068E50C /* TestData.swift in Sources */ = {isa = PBXBuildFile; fileRef = 1FBD8AAB2AEBFDFE0068E50C /* TestData.swift */; };
		1FBD8AB12AEBFE6B0068E50C /* ListingImageCarousellView.swift in Sources */ = {isa = PBXBuildFile; fileRef = 1FBD8AB02AEBFE6B0068E50C /* ListingImageCarousellView.swift */; };
		1FBD8AB32AEC01870068E50C /* RatingView.swift in Sources */ = {isa = PBXBuildFile; fileRef = 1FBD8AB22AEC01870068E50C /* RatingView.swift */; };
		1FBD8AB52AEC04910068E50C /* HostView.swift in Sources */ = {isa = PBXBuildFile; fileRef = 1FBD8AB42AEC04910068E50C /* HostView.swift */; };
		1FBD8AB72AEC104E0068E50C /* ListingFeaturView.swift in Sources */ = {isa = PBXBuildFile; fileRef = 1FBD8AB62AEC104E0068E50C /* ListingFeaturView.swift */; };
/* End PBXBuildFile section */

/* Begin PBXContainerItemProxy section */
		1FBD8A7A2AEAC4DF0068E50C /* PBXContainerItemProxy */ = {
			isa = PBXContainerItemProxy;
			containerPortal = 1FBD8A612AEAC4DB0068E50C /* Project object */;
			proxyType = 1;
			remoteGlobalIDString = 1FBD8A682AEAC4DB0068E50C;
			remoteInfo = "Airbnb-Demo";
		};
		1FBD8A842AEAC4DF0068E50C /* PBXContainerItemProxy */ = {
			isa = PBXContainerItemProxy;
			containerPortal = 1FBD8A612AEAC4DB0068E50C /* Project object */;
			proxyType = 1;
			remoteGlobalIDString = 1FBD8A682AEAC4DB0068E50C;
			remoteInfo = "Airbnb-Demo";
		};
/* End PBXContainerItemProxy section */

/* Begin PBXFileReference section */
		1FBD8A692AEAC4DB0068E50C /* Airbnb-Demo.app */ = {isa = PBXFileReference; explicitFileType = wrapper.application; includeInIndex = 0; path = "Airbnb-Demo.app"; sourceTree = BUILT_PRODUCTS_DIR; };
		1FBD8A6C2AEAC4DB0068E50C /* Airbnb_DemoApp.swift */ = {isa = PBXFileReference; lastKnownFileType = sourcecode.swift; path = Airbnb_DemoApp.swift; sourceTree = "<group>"; };
		1FBD8A6E2AEAC4DB0068E50C /* ContentView.swift */ = {isa = PBXFileReference; lastKnownFileType = sourcecode.swift; path = ContentView.swift; sourceTree = "<group>"; };
		1FBD8A702AEAC4DD0068E50C /* Assets.xcassets */ = {isa = PBXFileReference; lastKnownFileType = folder.assetcatalog; path = Assets.xcassets; sourceTree = "<group>"; };
		1FBD8A732AEAC4DD0068E50C /* Preview Assets.xcassets */ = {isa = PBXFileReference; lastKnownFileType = folder.assetcatalog; path = "Preview Assets.xcassets"; sourceTree = "<group>"; };
		1FBD8A792AEAC4DF0068E50C /* Airbnb-DemoTests.xctest */ = {isa = PBXFileReference; explicitFileType = wrapper.cfbundle; includeInIndex = 0; path = "Airbnb-DemoTests.xctest"; sourceTree = BUILT_PRODUCTS_DIR; };
		1FBD8A7D2AEAC4DF0068E50C /* Airbnb_DemoTests.swift */ = {isa = PBXFileReference; lastKnownFileType = sourcecode.swift; path = Airbnb_DemoTests.swift; sourceTree = "<group>"; };
		1FBD8A832AEAC4DF0068E50C /* Airbnb-DemoUITests.xctest */ = {isa = PBXFileReference; explicitFileType = wrapper.cfbundle; includeInIndex = 0; path = "Airbnb-DemoUITests.xctest"; sourceTree = BUILT_PRODUCTS_DIR; };
		1FBD8A872AEAC4DF0068E50C /* Airbnb_DemoUITests.swift */ = {isa = PBXFileReference; lastKnownFileType = sourcecode.swift; path = Airbnb_DemoUITests.swift; sourceTree = "<group>"; };
		1FBD8A892AEAC4E00068E50C /* Airbnb_DemoUITestsLaunchTests.swift */ = {isa = PBXFileReference; lastKnownFileType = sourcecode.swift; path = Airbnb_DemoUITestsLaunchTests.swift; sourceTree = "<group>"; };
		1FBD8AA22AEBB50B0068E50C /* ExploreView.swift */ = {isa = PBXFileReference; lastKnownFileType = sourcecode.swift; path = ExploreView.swift; sourceTree = "<group>"; };
		1FBD8AA42AEBC9100068E50C /* ListingItemView.swift */ = {isa = PBXFileReference; lastKnownFileType = sourcecode.swift; path = ListingItemView.swift; sourceTree = "<group>"; };
		1FBD8AA62AEBE1920068E50C /* SearchAndFilterBar.swift */ = {isa = PBXFileReference; lastKnownFileType = sourcecode.swift; path = SearchAndFilterBar.swift; sourceTree = "<group>"; };
		1FBD8AA82AEBFD7B0068E50C /* ListingDetailView.swift */ = {isa = PBXFileReference; lastKnownFileType = sourcecode.swift; path = ListingDetailView.swift; sourceTree = "<group>"; };
		1FBD8AAB2AEBFDFE0068E50C /* TestData.swift */ = {isa = PBXFileReference; lastKnownFileType = sourcecode.swift; path = TestData.swift; sourceTree = "<group>"; };
		1FBD8AB02AEBFE6B0068E50C /* ListingImageCarousellView.swift */ = {isa = PBXFileReference; lastKnownFileType = sourcecode.swift; path = ListingImageCarousellView.swift; sourceTree = "<group>"; };
		1FBD8AB22AEC01870068E50C /* RatingView.swift */ = {isa = PBXFileReference; lastKnownFileType = sourcecode.swift; path = RatingView.swift; sourceTree = "<group>"; };
		1FBD8AB42AEC04910068E50C /* HostView.swift */ = {isa = PBXFileReference; lastKnownFileType = sourcecode.swift; path = HostView.swift; sourceTree = "<group>"; };
		1FBD8AB62AEC104E0068E50C /* ListingFeaturView.swift */ = {isa = PBXFileReference; lastKnownFileType = sourcecode.swift; path = ListingFeaturView.swift; sourceTree = "<group>"; };
/* End PBXFileReference section */

/* Begin PBXFrameworksBuildPhase section */
		1FBD8A662AEAC4DB0068E50C /* Frameworks */ = {
			isa = PBXFrameworksBuildPhase;
			buildActionMask = 2147483647;
			files = (
			);
			runOnlyForDeploymentPostprocessing = 0;
		};
		1FBD8A762AEAC4DF0068E50C /* Frameworks */ = {
			isa = PBXFrameworksBuildPhase;
			buildActionMask = 2147483647;
			files = (
			);
			runOnlyForDeploymentPostprocessing = 0;
		};
		1FBD8A802AEAC4DF0068E50C /* Frameworks */ = {
			isa = PBXFrameworksBuildPhase;
			buildActionMask = 2147483647;
			files = (
			);
			runOnlyForDeploymentPostprocessing = 0;
		};
/* End PBXFrameworksBuildPhase section */

/* Begin PBXGroup section */
		1FBD8A602AEAC4DB0068E50C = {
			isa = PBXGroup;
			children = (
				1FBD8A6B2AEAC4DB0068E50C /* Airbnb-Demo */,
				1FBD8A7C2AEAC4DF0068E50C /* Airbnb-DemoTests */,
				1FBD8A862AEAC4DF0068E50C /* Airbnb-DemoUITests */,
				1FBD8A6A2AEAC4DB0068E50C /* Products */,
			);
			sourceTree = "<group>";
		};
		1FBD8A6A2AEAC4DB0068E50C /* Products */ = {
			isa = PBXGroup;
			children = (
				1FBD8A692AEAC4DB0068E50C /* Airbnb-Demo.app */,
				1FBD8A792AEAC4DF0068E50C /* Airbnb-DemoTests.xctest */,
				1FBD8A832AEAC4DF0068E50C /* Airbnb-DemoUITests.xctest */,
			);
			name = Products;
			sourceTree = "<group>";
		};
		1FBD8A6B2AEAC4DB0068E50C /* Airbnb-Demo */ = {
			isa = PBXGroup;
			children = (
				1FBD8AAA2AEBFDF00068E50C /* MockData */,
				1FBD8A702AEAC4DD0068E50C /* Assets.xcassets */,
				1FBD8A6E2AEAC4DB0068E50C /* ContentView.swift */,
				1FBD8A982AEB9B900068E50C /* Extensions */,
				1FBD8A992AEB9B990068E50C /* Main */,
				1FBD8A972AEB9B830068E50C /* Model */,
				1FBD8A722AEAC4DD0068E50C /* Preview Content */,
				1FBD8A9A2AEB9C4E0068E50C /* Utils */,
				1FBD8A962AEB9B810068E50C /* Views */,
			);
			path = "Airbnb-Demo";
			sourceTree = "<group>";
		};
		1FBD8A722AEAC4DD0068E50C /* Preview Content */ = {
			isa = PBXGroup;
			children = (
				1FBD8A732AEAC4DD0068E50C /* Preview Assets.xcassets */,
			);
			path = "Preview Content";
			sourceTree = "<group>";
		};
		1FBD8A7C2AEAC4DF0068E50C /* Airbnb-DemoTests */ = {
			isa = PBXGroup;
			children = (
				1FBD8A7D2AEAC4DF0068E50C /* Airbnb_DemoTests.swift */,
			);
			path = "Airbnb-DemoTests";
			sourceTree = "<group>";
		};
		1FBD8A862AEAC4DF0068E50C /* Airbnb-DemoUITests */ = {
			isa = PBXGroup;
			children = (
				1FBD8A872AEAC4DF0068E50C /* Airbnb_DemoUITests.swift */,
				1FBD8A892AEAC4E00068E50C /* Airbnb_DemoUITestsLaunchTests.swift */,
			);
			path = "Airbnb-DemoUITests";
			sourceTree = "<group>";
		};
		1FBD8A962AEB9B810068E50C /* Views */ = {
			isa = PBXGroup;
			children = (
				1FBD8AAD2AEBFE490068E50C /* Components */,
				1FBD8A9B2AEB9C740068E50C /* Explore */,
				1FBD8A9C2AEB9C780068E50C /* Listing */,
				1FBD8A9D2AEB9C7C0068E50C /* MapView */,
				1FBD8A9E2AEB9C810068E50C /* Profile */,
				1FBD8A9F2AEB9C840068E50C /* RootView */,
				1FBD8AA02AEB9C890068E50C /* TabBar */,
				1FBD8AA12AEB9C8C0068E50C /* WishList */,
			);
			path = Views;
			sourceTree = "<group>";
		};
		1FBD8A972AEB9B830068E50C /* Model */ = {
			isa = PBXGroup;
			children = (
			);
			path = Model;
			sourceTree = "<group>";
		};
		1FBD8A982AEB9B900068E50C /* Extensions */ = {
			isa = PBXGroup;
			children = (
			);
			path = Extensions;
			sourceTree = "<group>";
		};
		1FBD8A992AEB9B990068E50C /* Main */ = {
			isa = PBXGroup;
			children = (
				1FBD8A6C2AEAC4DB0068E50C /* Airbnb_DemoApp.swift */,
			);
			path = Main;
			sourceTree = "<group>";
		};
		1FBD8A9A2AEB9C4E0068E50C /* Utils */ = {
			isa = PBXGroup;
			children = (
			);
			path = Utils;
			sourceTree = "<group>";
		};
		1FBD8A9B2AEB9C740068E50C /* Explore */ = {
			isa = PBXGroup;
			children = (
				1FBD8AA22AEBB50B0068E50C /* ExploreView.swift */,
				1FBD8AA62AEBE1920068E50C /* SearchAndFilterBar.swift */,
			);
			path = Explore;
			sourceTree = "<group>";
		};
		1FBD8A9C2AEB9C780068E50C /* Listing */ = {
			isa = PBXGroup;
			children = (
				1FBD8AA42AEBC9100068E50C /* ListingItemView.swift */,
				1FBD8AA82AEBFD7B0068E50C /* ListingDetailView.swift */,
			);
			path = Listing;
			sourceTree = "<group>";
		};
		1FBD8A9D2AEB9C7C0068E50C /* MapView */ = {
			isa = PBXGroup;
			children = (
			);
			path = MapView;
			sourceTree = "<group>";
		};
		1FBD8A9E2AEB9C810068E50C /* Profile */ = {
			isa = PBXGroup;
			children = (
			);
			path = Profile;
			sourceTree = "<group>";
		};
		1FBD8A9F2AEB9C840068E50C /* RootView */ = {
			isa = PBXGroup;
			children = (
			);
			path = RootView;
			sourceTree = "<group>";
		};
		1FBD8AA02AEB9C890068E50C /* TabBar */ = {
			isa = PBXGroup;
			children = (
			);
			path = TabBar;
			sourceTree = "<group>";
		};
		1FBD8AA12AEB9C8C0068E50C /* WishList */ = {
			isa = PBXGroup;
			children = (
			);
			path = WishList;
			sourceTree = "<group>";
		};
		1FBD8AAA2AEBFDF00068E50C /* MockData */ = {
			isa = PBXGroup;
			children = (
				1FBD8AAB2AEBFDFE0068E50C /* TestData.swift */,
			);
			path = MockData;
			sourceTree = "<group>";
		};
		1FBD8AAD2AEBFE490068E50C /* Components */ = {
			isa = PBXGroup;
			children = (
				1FBD8AB02AEBFE6B0068E50C /* ListingImageCarousellView.swift */,
				1FBD8AB22AEC01870068E50C /* RatingView.swift */,
				1FBD8AB42AEC04910068E50C /* HostView.swift */,
				1FBD8AB62AEC104E0068E50C /* ListingFeaturView.swift */,
			);
			path = Components;
			sourceTree = "<group>";
		};
/* End PBXGroup section */

/* Begin PBXNativeTarget section */
		1FBD8A682AEAC4DB0068E50C /* Airbnb-Demo */ = {
			isa = PBXNativeTarget;
			buildConfigurationList = 1FBD8A8D2AEAC4E00068E50C /* Build configuration list for PBXNativeTarget "Airbnb-Demo" */;
			buildPhases = (
				1FBD8A652AEAC4DB0068E50C /* Sources */,
				1FBD8A662AEAC4DB0068E50C /* Frameworks */,
				1FBD8A672AEAC4DB0068E50C /* Resources */,
			);
			buildRules = (
			);
			dependencies = (
			);
			name = "Airbnb-Demo";
			productName = "Airbnb-Demo";
			productReference = 1FBD8A692AEAC4DB0068E50C /* Airbnb-Demo.app */;
			productType = "com.apple.product-type.application";
		};
		1FBD8A782AEAC4DF0068E50C /* Airbnb-DemoTests */ = {
			isa = PBXNativeTarget;
			buildConfigurationList = 1FBD8A902AEAC4E00068E50C /* Build configuration list for PBXNativeTarget "Airbnb-DemoTests" */;
			buildPhases = (
				1FBD8A752AEAC4DF0068E50C /* Sources */,
				1FBD8A762AEAC4DF0068E50C /* Frameworks */,
				1FBD8A772AEAC4DF0068E50C /* Resources */,
			);
			buildRules = (
			);
			dependencies = (
				1FBD8A7B2AEAC4DF0068E50C /* PBXTargetDependency */,
			);
			name = "Airbnb-DemoTests";
			productName = "Airbnb-DemoTests";
			productReference = 1FBD8A792AEAC4DF0068E50C /* Airbnb-DemoTests.xctest */;
			productType = "com.apple.product-type.bundle.unit-test";
		};
		1FBD8A822AEAC4DF0068E50C /* Airbnb-DemoUITests */ = {
			isa = PBXNativeTarget;
			buildConfigurationList = 1FBD8A932AEAC4E00068E50C /* Build configuration list for PBXNativeTarget "Airbnb-DemoUITests" */;
			buildPhases = (
				1FBD8A7F2AEAC4DF0068E50C /* Sources */,
				1FBD8A802AEAC4DF0068E50C /* Frameworks */,
				1FBD8A812AEAC4DF0068E50C /* Resources */,
			);
			buildRules = (
			);
			dependencies = (
				1FBD8A852AEAC4DF0068E50C /* PBXTargetDependency */,
			);
			name = "Airbnb-DemoUITests";
			productName = "Airbnb-DemoUITests";
			productReference = 1FBD8A832AEAC4DF0068E50C /* Airbnb-DemoUITests.xctest */;
			productType = "com.apple.product-type.bundle.ui-testing";
		};
/* End PBXNativeTarget section */

/* Begin PBXProject section */
		1FBD8A612AEAC4DB0068E50C /* Project object */ = {
			isa = PBXProject;
			attributes = {
				BuildIndependentTargetsInParallel = 1;
				LastSwiftUpdateCheck = 1500;
				LastUpgradeCheck = 1500;
				TargetAttributes = {
					1FBD8A682AEAC4DB0068E50C = {
						CreatedOnToolsVersion = 15.0.1;
					};
					1FBD8A782AEAC4DF0068E50C = {
						CreatedOnToolsVersion = 15.0.1;
						TestTargetID = 1FBD8A682AEAC4DB0068E50C;
					};
					1FBD8A822AEAC4DF0068E50C = {
						CreatedOnToolsVersion = 15.0.1;
						TestTargetID = 1FBD8A682AEAC4DB0068E50C;
					};
				};
			};
			buildConfigurationList = 1FBD8A642AEAC4DB0068E50C /* Build configuration list for PBXProject "Airbnb-Demo" */;
			compatibilityVersion = "Xcode 14.0";
			developmentRegion = en;
			hasScannedForEncodings = 0;
			knownRegions = (
				en,
				Base,
			);
			mainGroup = 1FBD8A602AEAC4DB0068E50C;
			productRefGroup = 1FBD8A6A2AEAC4DB0068E50C /* Products */;
			projectDirPath = "";
			projectRoot = "";
			targets = (
				1FBD8A682AEAC4DB0068E50C /* Airbnb-Demo */,
				1FBD8A782AEAC4DF0068E50C /* Airbnb-DemoTests */,
				1FBD8A822AEAC4DF0068E50C /* Airbnb-DemoUITests */,
			);
		};
/* End PBXProject section */

/* Begin PBXResourcesBuildPhase section */
		1FBD8A672AEAC4DB0068E50C /* Resources */ = {
			isa = PBXResourcesBuildPhase;
			buildActionMask = 2147483647;
			files = (
				1FBD8A742AEAC4DD0068E50C /* Preview Assets.xcassets in Resources */,
				1FBD8A712AEAC4DD0068E50C /* Assets.xcassets in Resources */,
			);
			runOnlyForDeploymentPostprocessing = 0;
		};
		1FBD8A772AEAC4DF0068E50C /* Resources */ = {
			isa = PBXResourcesBuildPhase;
			buildActionMask = 2147483647;
			files = (
			);
			runOnlyForDeploymentPostprocessing = 0;
		};
		1FBD8A812AEAC4DF0068E50C /* Resources */ = {
			isa = PBXResourcesBuildPhase;
			buildActionMask = 2147483647;
			files = (
			);
			runOnlyForDeploymentPostprocessing = 0;
		};
/* End PBXResourcesBuildPhase section */

/* Begin PBXSourcesBuildPhase section */
		1FBD8A652AEAC4DB0068E50C /* Sources */ = {
			isa = PBXSourcesBuildPhase;
			buildActionMask = 2147483647;
			files = (
				1FBD8A6F2AEAC4DB0068E50C /* ContentView.swift in Sources */,
				1FBD8AA52AEBC9100068E50C /* ListingItemView.swift in Sources */,
				1FBD8AA32AEBB50B0068E50C /* ExploreView.swift in Sources */,
				1FBD8AB32AEC01870068E50C /* RatingView.swift in Sources */,
				1FBD8AA72AEBE1920068E50C /* SearchAndFilterBar.swift in Sources */,
				1FBD8AB12AEBFE6B0068E50C /* ListingImageCarousellView.swift in Sources */,
				1FBD8AB52AEC04910068E50C /* HostView.swift in Sources */,
				1FBD8AA92AEBFD7B0068E50C /* ListingDetailView.swift in Sources */,
				1FBD8AAC2AEBFDFE0068E50C /* TestData.swift in Sources */,
				1FBD8AB72AEC104E0068E50C /* ListingFeaturView.swift in Sources */,
				1FBD8A6D2AEAC4DB0068E50C /* Airbnb_DemoApp.swift in Sources */,
			);
			runOnlyForDeploymentPostprocessing = 0;
		};
		1FBD8A752AEAC4DF0068E50C /* Sources */ = {
			isa = PBXSourcesBuildPhase;
			buildActionMask = 2147483647;
			files = (
				1FBD8A7E2AEAC4DF0068E50C /* Airbnb_DemoTests.swift in Sources */,
			);
			runOnlyForDeploymentPostprocessing = 0;
		};
		1FBD8A7F2AEAC4DF0068E50C /* Sources */ = {
			isa = PBXSourcesBuildPhase;
			buildActionMask = 2147483647;
			files = (
				1FBD8A882AEAC4DF0068E50C /* Airbnb_DemoUITests.swift in Sources */,
				1FBD8A8A2AEAC4E00068E50C /* Airbnb_DemoUITestsLaunchTests.swift in Sources */,
			);
			runOnlyForDeploymentPostprocessing = 0;
		};
/* End PBXSourcesBuildPhase section */

/* Begin PBXTargetDependency section */
		1FBD8A7B2AEAC4DF0068E50C /* PBXTargetDependency */ = {
			isa = PBXTargetDependency;
			target = 1FBD8A682AEAC4DB0068E50C /* Airbnb-Demo */;
			targetProxy = 1FBD8A7A2AEAC4DF0068E50C /* PBXContainerItemProxy */;
		};
		1FBD8A852AEAC4DF0068E50C /* PBXTargetDependency */ = {
			isa = PBXTargetDependency;
			target = 1FBD8A682AEAC4DB0068E50C /* Airbnb-Demo */;
			targetProxy = 1FBD8A842AEAC4DF0068E50C /* PBXContainerItemProxy */;
		};
/* End PBXTargetDependency section */

/* Begin XCBuildConfiguration section */
		1FBD8A8B2AEAC4E00068E50C /* Debug */ = {
			isa = XCBuildConfiguration;
			buildSettings = {
				ALWAYS_SEARCH_USER_PATHS = NO;
				ASSETCATALOG_COMPILER_GENERATE_SWIFT_ASSET_SYMBOL_EXTENSIONS = YES;
				CLANG_ANALYZER_NONNULL = YES;
				CLANG_ANALYZER_NUMBER_OBJECT_CONVERSION = YES_AGGRESSIVE;
				CLANG_CXX_LANGUAGE_STANDARD = "gnu++20";
				CLANG_ENABLE_MODULES = YES;
				CLANG_ENABLE_OBJC_ARC = YES;
				CLANG_ENABLE_OBJC_WEAK = YES;
				CLANG_WARN_BLOCK_CAPTURE_AUTORELEASING = YES;
				CLANG_WARN_BOOL_CONVERSION = YES;
				CLANG_WARN_COMMA = YES;
				CLANG_WARN_CONSTANT_CONVERSION = YES;
				CLANG_WARN_DEPRECATED_OBJC_IMPLEMENTATIONS = YES;
				CLANG_WARN_DIRECT_OBJC_ISA_USAGE = YES_ERROR;
				CLANG_WARN_DOCUMENTATION_COMMENTS = YES;
				CLANG_WARN_EMPTY_BODY = YES;
				CLANG_WARN_ENUM_CONVERSION = YES;
				CLANG_WARN_INFINITE_RECURSION = YES;
				CLANG_WARN_INT_CONVERSION = YES;
				CLANG_WARN_NON_LITERAL_NULL_CONVERSION = YES;
				CLANG_WARN_OBJC_IMPLICIT_RETAIN_SELF = YES;
				CLANG_WARN_OBJC_LITERAL_CONVERSION = YES;
				CLANG_WARN_OBJC_ROOT_CLASS = YES_ERROR;
				CLANG_WARN_QUOTED_INCLUDE_IN_FRAMEWORK_HEADER = YES;
				CLANG_WARN_RANGE_LOOP_ANALYSIS = YES;
				CLANG_WARN_STRICT_PROTOTYPES = YES;
				CLANG_WARN_SUSPICIOUS_MOVE = YES;
				CLANG_WARN_UNGUARDED_AVAILABILITY = YES_AGGRESSIVE;
				CLANG_WARN_UNREACHABLE_CODE = YES;
				CLANG_WARN__DUPLICATE_METHOD_MATCH = YES;
				COPY_PHASE_STRIP = NO;
				DEBUG_INFORMATION_FORMAT = dwarf;
				ENABLE_STRICT_OBJC_MSGSEND = YES;
				ENABLE_TESTABILITY = YES;
				ENABLE_USER_SCRIPT_SANDBOXING = YES;
				GCC_C_LANGUAGE_STANDARD = gnu17;
				GCC_DYNAMIC_NO_PIC = NO;
				GCC_NO_COMMON_BLOCKS = YES;
				GCC_OPTIMIZATION_LEVEL = 0;
				GCC_PREPROCESSOR_DEFINITIONS = (
					"DEBUG=1",
					"$(inherited)",
				);
				GCC_WARN_64_TO_32_BIT_CONVERSION = YES;
				GCC_WARN_ABOUT_RETURN_TYPE = YES_ERROR;
				GCC_WARN_UNDECLARED_SELECTOR = YES;
				GCC_WARN_UNINITIALIZED_AUTOS = YES_AGGRESSIVE;
				GCC_WARN_UNUSED_FUNCTION = YES;
				GCC_WARN_UNUSED_VARIABLE = YES;
				IPHONEOS_DEPLOYMENT_TARGET = 17.0;
				LOCALIZATION_PREFERS_STRING_CATALOGS = YES;
				MTL_ENABLE_DEBUG_INFO = INCLUDE_SOURCE;
				MTL_FAST_MATH = YES;
				ONLY_ACTIVE_ARCH = YES;
				SDKROOT = iphoneos;
				SWIFT_ACTIVE_COMPILATION_CONDITIONS = "DEBUG $(inherited)";
				SWIFT_OPTIMIZATION_LEVEL = "-Onone";
			};
			name = Debug;
		};
		1FBD8A8C2AEAC4E00068E50C /* Release */ = {
			isa = XCBuildConfiguration;
			buildSettings = {
				ALWAYS_SEARCH_USER_PATHS = NO;
				ASSETCATALOG_COMPILER_GENERATE_SWIFT_ASSET_SYMBOL_EXTENSIONS = YES;
				CLANG_ANALYZER_NONNULL = YES;
				CLANG_ANALYZER_NUMBER_OBJECT_CONVERSION = YES_AGGRESSIVE;
				CLANG_CXX_LANGUAGE_STANDARD = "gnu++20";
				CLANG_ENABLE_MODULES = YES;
				CLANG_ENABLE_OBJC_ARC = YES;
				CLANG_ENABLE_OBJC_WEAK = YES;
				CLANG_WARN_BLOCK_CAPTURE_AUTORELEASING = YES;
				CLANG_WARN_BOOL_CONVERSION = YES;
				CLANG_WARN_COMMA = YES;
				CLANG_WARN_CONSTANT_CONVERSION = YES;
				CLANG_WARN_DEPRECATED_OBJC_IMPLEMENTATIONS = YES;
				CLANG_WARN_DIRECT_OBJC_ISA_USAGE = YES_ERROR;
				CLANG_WARN_DOCUMENTATION_COMMENTS = YES;
				CLANG_WARN_EMPTY_BODY = YES;
				CLANG_WARN_ENUM_CONVERSION = YES;
				CLANG_WARN_INFINITE_RECURSION = YES;
				CLANG_WARN_INT_CONVERSION = YES;
				CLANG_WARN_NON_LITERAL_NULL_CONVERSION = YES;
				CLANG_WARN_OBJC_IMPLICIT_RETAIN_SELF = YES;
				CLANG_WARN_OBJC_LITERAL_CONVERSION = YES;
				CLANG_WARN_OBJC_ROOT_CLASS = YES_ERROR;
				CLANG_WARN_QUOTED_INCLUDE_IN_FRAMEWORK_HEADER = YES;
				CLANG_WARN_RANGE_LOOP_ANALYSIS = YES;
				CLANG_WARN_STRICT_PROTOTYPES = YES;
				CLANG_WARN_SUSPICIOUS_MOVE = YES;
				CLANG_WARN_UNGUARDED_AVAILABILITY = YES_AGGRESSIVE;
				CLANG_WARN_UNREACHABLE_CODE = YES;
				CLANG_WARN__DUPLICATE_METHOD_MATCH = YES;
				COPY_PHASE_STRIP = NO;
				DEBUG_INFORMATION_FORMAT = "dwarf-with-dsym";
				ENABLE_NS_ASSERTIONS = NO;
				ENABLE_STRICT_OBJC_MSGSEND = YES;
				ENABLE_USER_SCRIPT_SANDBOXING = YES;
				GCC_C_LANGUAGE_STANDARD = gnu17;
				GCC_NO_COMMON_BLOCKS = YES;
				GCC_WARN_64_TO_32_BIT_CONVERSION = YES;
				GCC_WARN_ABOUT_RETURN_TYPE = YES_ERROR;
				GCC_WARN_UNDECLARED_SELECTOR = YES;
				GCC_WARN_UNINITIALIZED_AUTOS = YES_AGGRESSIVE;
				GCC_WARN_UNUSED_FUNCTION = YES;
				GCC_WARN_UNUSED_VARIABLE = YES;
				IPHONEOS_DEPLOYMENT_TARGET = 17.0;
				LOCALIZATION_PREFERS_STRING_CATALOGS = YES;
				MTL_ENABLE_DEBUG_INFO = NO;
				MTL_FAST_MATH = YES;
				SDKROOT = iphoneos;
				SWIFT_COMPILATION_MODE = wholemodule;
				VALIDATE_PRODUCT = YES;
			};
			name = Release;
		};
		1FBD8A8E2AEAC4E00068E50C /* Debug */ = {
			isa = XCBuildConfiguration;
			buildSettings = {
				ASSETCATALOG_COMPILER_APPICON_NAME = AppIcon;
				ASSETCATALOG_COMPILER_GLOBAL_ACCENT_COLOR_NAME = AccentColor;
				CODE_SIGN_STYLE = Automatic;
				CURRENT_PROJECT_VERSION = 1;
				DEVELOPMENT_ASSET_PATHS = "\"Airbnb-Demo/Preview Content\"";
				DEVELOPMENT_TEAM = J33LPY9YD2;
				ENABLE_PREVIEWS = YES;
				GENERATE_INFOPLIST_FILE = YES;
				INFOPLIST_KEY_UIApplicationSceneManifest_Generation = YES;
				INFOPLIST_KEY_UIApplicationSupportsIndirectInputEvents = YES;
				INFOPLIST_KEY_UILaunchScreen_Generation = YES;
				INFOPLIST_KEY_UISupportedInterfaceOrientations_iPad = "UIInterfaceOrientationPortrait UIInterfaceOrientationPortraitUpsideDown UIInterfaceOrientationLandscapeLeft UIInterfaceOrientationLandscapeRight";
				INFOPLIST_KEY_UISupportedInterfaceOrientations_iPhone = "UIInterfaceOrientationPortrait UIInterfaceOrientationLandscapeLeft UIInterfaceOrientationLandscapeRight";
				LD_RUNPATH_SEARCH_PATHS = (
					"$(inherited)",
					"@executable_path/Frameworks",
				);
				MARKETING_VERSION = 1.0;
				PRODUCT_BUNDLE_IDENTIFIER = "MaFa.Airbnb-Demo";
				PRODUCT_NAME = "$(TARGET_NAME)";
				SWIFT_EMIT_LOC_STRINGS = YES;
				SWIFT_VERSION = 5.0;
				TARGETED_DEVICE_FAMILY = "1,2";
			};
			name = Debug;
		};
		1FBD8A8F2AEAC4E00068E50C /* Release */ = {
			isa = XCBuildConfiguration;
			buildSettings = {
				ASSETCATALOG_COMPILER_APPICON_NAME = AppIcon;
				ASSETCATALOG_COMPILER_GLOBAL_ACCENT_COLOR_NAME = AccentColor;
				CODE_SIGN_STYLE = Automatic;
				CURRENT_PROJECT_VERSION = 1;
				DEVELOPMENT_ASSET_PATHS = "\"Airbnb-Demo/Preview Content\"";
				DEVELOPMENT_TEAM = J33LPY9YD2;
				ENABLE_PREVIEWS = YES;
				GENERATE_INFOPLIST_FILE = YES;
				INFOPLIST_KEY_UIApplicationSceneManifest_Generation = YES;
				INFOPLIST_KEY_UIApplicationSupportsIndirectInputEvents = YES;
				INFOPLIST_KEY_UILaunchScreen_Generation = YES;
				INFOPLIST_KEY_UISupportedInterfaceOrientations_iPad = "UIInterfaceOrientationPortrait UIInterfaceOrientationPortraitUpsideDown UIInterfaceOrientationLandscapeLeft UIInterfaceOrientationLandscapeRight";
				INFOPLIST_KEY_UISupportedInterfaceOrientations_iPhone = "UIInterfaceOrientationPortrait UIInterfaceOrientationLandscapeLeft UIInterfaceOrientationLandscapeRight";
				LD_RUNPATH_SEARCH_PATHS = (
					"$(inherited)",
					"@executable_path/Frameworks",
				);
				MARKETING_VERSION = 1.0;
				PRODUCT_BUNDLE_IDENTIFIER = "MaFa.Airbnb-Demo";
				PRODUCT_NAME = "$(TARGET_NAME)";
				SWIFT_EMIT_LOC_STRINGS = YES;
				SWIFT_VERSION = 5.0;
				TARGETED_DEVICE_FAMILY = "1,2";
			};
			name = Release;
		};
		1FBD8A912AEAC4E00068E50C /* Debug */ = {
			isa = XCBuildConfiguration;
			buildSettings = {
				ALWAYS_EMBED_SWIFT_STANDARD_LIBRARIES = YES;
				BUNDLE_LOADER = "$(TEST_HOST)";
				CODE_SIGN_STYLE = Automatic;
				CURRENT_PROJECT_VERSION = 1;
				DEVELOPMENT_TEAM = J33LPY9YD2;
				GENERATE_INFOPLIST_FILE = YES;
				IPHONEOS_DEPLOYMENT_TARGET = 17.0;
				MARKETING_VERSION = 1.0;
				PRODUCT_BUNDLE_IDENTIFIER = "MaFa.Airbnb-DemoTests";
				PRODUCT_NAME = "$(TARGET_NAME)";
				SWIFT_EMIT_LOC_STRINGS = NO;
				SWIFT_VERSION = 5.0;
				TARGETED_DEVICE_FAMILY = "1,2";
				TEST_HOST = "$(BUILT_PRODUCTS_DIR)/Airbnb-Demo.app/$(BUNDLE_EXECUTABLE_FOLDER_PATH)/Airbnb-Demo";
			};
			name = Debug;
		};
		1FBD8A922AEAC4E00068E50C /* Release */ = {
			isa = XCBuildConfiguration;
			buildSettings = {
				ALWAYS_EMBED_SWIFT_STANDARD_LIBRARIES = YES;
				BUNDLE_LOADER = "$(TEST_HOST)";
				CODE_SIGN_STYLE = Automatic;
				CURRENT_PROJECT_VERSION = 1;
				DEVELOPMENT_TEAM = J33LPY9YD2;
				GENERATE_INFOPLIST_FILE = YES;
				IPHONEOS_DEPLOYMENT_TARGET = 17.0;
				MARKETING_VERSION = 1.0;
				PRODUCT_BUNDLE_IDENTIFIER = "MaFa.Airbnb-DemoTests";
				PRODUCT_NAME = "$(TARGET_NAME)";
				SWIFT_EMIT_LOC_STRINGS = NO;
				SWIFT_VERSION = 5.0;
				TARGETED_DEVICE_FAMILY = "1,2";
				TEST_HOST = "$(BUILT_PRODUCTS_DIR)/Airbnb-Demo.app/$(BUNDLE_EXECUTABLE_FOLDER_PATH)/Airbnb-Demo";
			};
			name = Release;
		};
		1FBD8A942AEAC4E00068E50C /* Debug */ = {
			isa = XCBuildConfiguration;
			buildSettings = {
				ALWAYS_EMBED_SWIFT_STANDARD_LIBRARIES = YES;
				CODE_SIGN_STYLE = Automatic;
				CURRENT_PROJECT_VERSION = 1;
				DEVELOPMENT_TEAM = J33LPY9YD2;
				GENERATE_INFOPLIST_FILE = YES;
				MARKETING_VERSION = 1.0;
				PRODUCT_BUNDLE_IDENTIFIER = "MaFa.Airbnb-DemoUITests";
				PRODUCT_NAME = "$(TARGET_NAME)";
				SWIFT_EMIT_LOC_STRINGS = NO;
				SWIFT_VERSION = 5.0;
				TARGETED_DEVICE_FAMILY = "1,2";
				TEST_TARGET_NAME = "Airbnb-Demo";
			};
			name = Debug;
		};
		1FBD8A952AEAC4E00068E50C /* Release */ = {
			isa = XCBuildConfiguration;
			buildSettings = {
				ALWAYS_EMBED_SWIFT_STANDARD_LIBRARIES = YES;
				CODE_SIGN_STYLE = Automatic;
				CURRENT_PROJECT_VERSION = 1;
				DEVELOPMENT_TEAM = J33LPY9YD2;
				GENERATE_INFOPLIST_FILE = YES;
				MARKETING_VERSION = 1.0;
				PRODUCT_BUNDLE_IDENTIFIER = "MaFa.Airbnb-DemoUITests";
				PRODUCT_NAME = "$(TARGET_NAME)";
				SWIFT_EMIT_LOC_STRINGS = NO;
				SWIFT_VERSION = 5.0;
				TARGETED_DEVICE_FAMILY = "1,2";
				TEST_TARGET_NAME = "Airbnb-Demo";
			};
			name = Release;
		};
/* End XCBuildConfiguration section */

/* Begin XCConfigurationList section */
		1FBD8A642AEAC4DB0068E50C /* Build configuration list for PBXProject "Airbnb-Demo" */ = {
			isa = XCConfigurationList;
			buildConfigurations = (
				1FBD8A8B2AEAC4E00068E50C /* Debug */,
				1FBD8A8C2AEAC4E00068E50C /* Release */,
			);
			defaultConfigurationIsVisible = 0;
			defaultConfigurationName = Release;
		};
		1FBD8A8D2AEAC4E00068E50C /* Build configuration list for PBXNativeTarget "Airbnb-Demo" */ = {
			isa = XCConfigurationList;
			buildConfigurations = (
				1FBD8A8E2AEAC4E00068E50C /* Debug */,
				1FBD8A8F2AEAC4E00068E50C /* Release */,
			);
			defaultConfigurationIsVisible = 0;
			defaultConfigurationName = Release;
		};
		1FBD8A902AEAC4E00068E50C /* Build configuration list for PBXNativeTarget "Airbnb-DemoTests" */ = {
			isa = XCConfigurationList;
			buildConfigurations = (
				1FBD8A912AEAC4E00068E50C /* Debug */,
				1FBD8A922AEAC4E00068E50C /* Release */,
			);
			defaultConfigurationIsVisible = 0;
			defaultConfigurationName = Release;
		};
		1FBD8A932AEAC4E00068E50C /* Build configuration list for PBXNativeTarget "Airbnb-DemoUITests" */ = {
			isa = XCConfigurationList;
			buildConfigurations = (
				1FBD8A942AEAC4E00068E50C /* Debug */,
				1FBD8A952AEAC4E00068E50C /* Release */,
			);
			defaultConfigurationIsVisible = 0;
			defaultConfigurationName = Release;
		};
/* End XCConfigurationList section */
	};
	rootObject = 1FBD8A612AEAC4DB0068E50C /* Project object */;
}
